
Microsoft Visual Studio Solution File, Format Version 12.00
# Visual Studio Version 17
VisualStudioVersion = 17.11.35327.3
MinimumVisualStudioVersion = 10.0.40219.1
Project("{FAE04EC0-301F-11D3-BF4B-00C04F79EFBC}") = "BlazorPPLC", "BlazorPPLC\BlazorPPLC\BlazorPPLC.csproj", "{885528C3-AD22-453D-B04D-2CF314E150F8}"
EndProject
Project("{FAE04EC0-301F-11D3-BF4B-00C04F79EFBC}") = "BlazorPPLC.Client", "BlazorPPLC\BlazorPPLC.Client\BlazorPPLC.Client.csproj", "{5CA11573-4C0C-4C5E-B165-BBDA24DCB96E}"
EndProject
Global
	GlobalSection(SolutionConfigurationPlatforms) = preSolution
		Debug|Any CPU = Debug|Any CPU
		Release|Any CPU = Release|Any CPU
	EndGlobalSection
	GlobalSection(ProjectConfigurationPlatforms) = postSolution
		{885528C3-AD22-453D-B04D-2CF314E150F8}.Debug|Any CPU.ActiveCfg = Debug|Any CPU
		{885528C3-AD22-453D-B04D-2CF314E150F8}.Debug|Any CPU.Build.0 = Debug|Any CPU
		{885528C3-AD22-453D-B04D-2CF314E150F8}.Release|Any CPU.ActiveCfg = Release|Any CPU
		{885528C3-AD22-453D-B04D-2CF314E150F8}.Release|Any CPU.Build.0 = Release|Any CPU
		{5CA11573-4C0C-4C5E-B165-BBDA24DCB96E}.Debug|Any CPU.ActiveCfg = Debug|Any CPU
		{5CA11573-4C0C-4C5E-B165-BBDA24DCB96E}.Debug|Any CPU.Build.0 = Debug|Any CPU
		{5CA11573-4C0C-4C5E-B165-BBDA24DCB96E}.Release|Any CPU.ActiveCfg = Release|Any CPU
		{5CA11573-4C0C-4C5E-B165-BBDA24DCB96E}.Release|Any CPU.Build.0 = Release|Any CPU
	EndGlobalSection
	GlobalSection(SolutionProperties) = preSolution
		HideSolutionNode = FALSE
	EndGlobalSection
	GlobalSection(ExtensibilityGlobals) = postSolution
		SolutionGuid = {D980BE6A-27A7-4935-AF9E-B67AB65E61A7}
	EndGlobalSection
EndGlobal
